{
  "name": "smart-campus-notice-board",
  "version": "1.0.0",
  "lockfileVersion": 3,
  "requires": true,
  "packages": {
    "": {
      "name": "smart-campus-notice-board",
      "version": "1.0.0",
      "workspaces": [
        "server",
        "frontend"
      ]
    },
    "..": {
      "name": "smart-campus-notice-board",
      "version": "1.0.0",
      "extraneous": true,
      "workspaces": [
        "server",
        "frontend"
      ]
    }
  }
}
